
Microsoft Visual Studio Solution File, Format Version 12.00
# Visual Studio Version 17
VisualStudioVersion = 17.7.34221.43
MinimumVisualStudioVersion = 10.0.40219.1
Project("{2150E333-8FDC-42A3-9474-1A3956D46DE8}") = "Tests", "Tests", "{2F5DE77D-0CF7-4280-B1FE-13C31941B665}"
EndProject
Project("{9A19103F-16F7-4668-BE54-9A1E7A4F7556}") = "ifm.IoTCore.Common", "source\ifm.IoTCore.Common\ifm.IoTCore.Common.csproj", "{62A223BF-CD38-4301-9F0D-191002FB17CE}"
EndProject
Project("{9A19103F-16F7-4668-BE54-9A1E7A4F7556}") = "ifm.IoTCore.DataStore.Contracts", "source\ifm.IoTCore.DataStore.Contracts\ifm.IoTCore.DataStore.Contracts.csproj", "{B827ABF6-C754-46A4-AE4A-214F3415EC6D}"
EndProject
Project("{9A19103F-16F7-4668-BE54-9A1E7A4F7556}") = "ifm.IoTCore.DataStore", "source\ifm.IoTCore.DataStore\ifm.IoTCore.DataStore.csproj", "{1FC875CB-8189-4C33-98BF-C03CCFFA4CCD}"
EndProject
Project("{9A19103F-16F7-4668-BE54-9A1E7A4F7556}") = "ifm.IoTCore.Logger.Contracts", "source\ifm.IoTCore.Logger.Contracts\ifm.IoTCore.Logger.Contracts.csproj", "{8E351FEE-7236-4F5F-8189-5B5CA81748CB}"
EndProject
Project("{9A19103F-16F7-4668-BE54-9A1E7A4F7556}") = "ifm.IoTCore.Logger", "source\ifm.IoTCore.Logger\ifm.IoTCore.Logger.csproj", "{BA24D610-AE63-4B22-B14E-FD7701930DFD}"
EndProject
Project("{9A19103F-16F7-4668-BE54-9A1E7A4F7556}") = "ifm.IoTCore.UserManager.Contracts", "source\ifm.IoTCore.UserManager.Contracts\ifm.IoTCore.UserManager.Contracts.csproj", "{ED365FA5-3DEC-47E1-B981-7201AB198390}"
EndProject
Project("{9A19103F-16F7-4668-BE54-9A1E7A4F7556}") = "ifm.IoTCore.UserManager", "source\ifm.IoTCore.UserManager\ifm.IoTCore.UserManager.csproj", "{A8EB51B2-8D7D-42EA-9996-DF4C6292AC84}"
EndProject
Project("{9A19103F-16F7-4668-BE54-9A1E7A4F7556}") = "ifm.IoTCore.PersistenceManager.Contracts", "source\ifm.IoTCore.PersistenceManager.Contracts\ifm.IoTCore.PersistenceManager.Contracts.csproj", "{450D8B95-7FB4-49DD-A38D-C9B24E4B2FE4}"
EndProject
Project("{9A19103F-16F7-4668-BE54-9A1E7A4F7556}") = "ifm.IoTCore.PersistenceManager", "source\ifm.IoTCore.PersistenceManager\ifm.IoTCore.PersistenceManager.csproj", "{1C7AFDC4-3FFF-41CC-BECC-0FE494A0AF8E}"
EndProject
Project("{9A19103F-16F7-4668-BE54-9A1E7A4F7556}") = "ifm.IoTCore.NetAdapterManager.Contracts", "source\ifm.IoTCore.NetAdapterManager.Contracts\ifm.IoTCore.NetAdapterManager.Contracts.csproj", "{ACDD9D80-368A-4D3C-9722-AD7EBB706113}"
EndProject
Project("{9A19103F-16F7-4668-BE54-9A1E7A4F7556}") = "ifm.IoTCore.MessageHandler.Contracts", "source\ifm.IoTCore.MessageHandler.Contracts\ifm.IoTCore.MessageHandler.Contracts.csproj", "{3CF332DC-2979-4601-A826-0185B0838DF9}"
EndProject
Project("{9A19103F-16F7-4668-BE54-9A1E7A4F7556}") = "ifm.IoTCore.EventSender.Contracts", "source\ifm.IoTCore.EventSender.Contracts\ifm.IoTCore.EventSender.Contracts.csproj", "{059B133A-86B9-4EB5-A0D2-12FDB071E808}"
EndProject
Project("{9A19103F-16F7-4668-BE54-9A1E7A4F7556}") = "ifm.IoTCore.ElementManager.Contracts", "source\ifm.IoTCore.ElementManager.Contracts\ifm.IoTCore.ElementManager.Contracts.csproj", "{05E11EB2-D615-4FD0-80B4-C5F032719C5B}"
EndProject
Project("{9A19103F-16F7-4668-BE54-9A1E7A4F7556}") = "ifm.IoTCore.ElementManager", "source\ifm.IoTCore.ElementManager\ifm.IoTCore.ElementManager.csproj", "{AC14C4E2-586F-46EB-B5CB-814E873A02CA}"
EndProject
Project("{9A19103F-16F7-4668-BE54-9A1E7A4F7556}") = "ifm.IoTCore.EventSender", "source\ifm.IoTCore.EventSender\ifm.IoTCore.EventSender.csproj", "{14C59457-22DB-49FA-B575-7D3FBA3E4DA0}"
EndProject
Project("{9A19103F-16F7-4668-BE54-9A1E7A4F7556}") = "ifm.IoTCore.MessageConverter.Json", "source\ifm.IoTCore.MessageConverter.Json\ifm.IoTCore.MessageConverter.Json.csproj", "{45A1BE76-CE03-4E14-A01A-686714184947}"
EndProject
Project("{9A19103F-16F7-4668-BE54-9A1E7A4F7556}") = "ifm.IoTCore.MessageHandler", "source\ifm.IoTCore.MessageHandler\ifm.IoTCore.MessageHandler.csproj", "{DF625A6D-966F-4FC9-BE9F-9F39E3821157}"
EndProject
Project("{9A19103F-16F7-4668-BE54-9A1E7A4F7556}") = "ifm.IoTCore.NetAdapterManager", "source\ifm.IoTCore.NetAdapterManager\ifm.IoTCore.NetAdapterManager.csproj", "{1DD30787-BBDD-4C23-8AE9-2EFBB67A0735}"
EndProject
Project("{9A19103F-16F7-4668-BE54-9A1E7A4F7556}") = "ifm.IoTCore", "source\ifm.IoTCore\ifm.IoTCore.csproj", "{679A5E37-2627-467B-BE8D-14B35A095D62}"
EndProject
Project("{9A19103F-16F7-4668-BE54-9A1E7A4F7556}") = "ifm.IoTCore.Common.UnitTests", "tests\ifm.IoTCore.Common.UnitTests\ifm.IoTCore.Common.UnitTests.csproj", "{A155E35A-78E9-4E54-8CEF-232B5D049CE8}"
EndProject
Project("{9A19103F-16F7-4668-BE54-9A1E7A4F7556}") = "ifm.IoTCore.UnitTests", "tests\ifm.IoTCore.UnitTests\ifm.IoTCore.UnitTests.csproj", "{2DD3C8CA-E988-4BF2-AB38-E0F6A428FEEE}"
EndProject
Project("{9A19103F-16F7-4668-BE54-9A1E7A4F7556}") = "ifm.IoTCore.Factory", "source\ifm.IoTCore.Factory\ifm.IoTCore.Factory.csproj", "{587CB1CE-F3C4-49BE-98DE-BFBCD0BC161A}"
EndProject
Project("{9A19103F-16F7-4668-BE54-9A1E7A4F7556}") = "ifm.IoTCore.MessageConverter.Contracts", "source\ifm.IoTCore.MessageConverter.Contracts\ifm.IoTCore.MessageConverter.Contracts.csproj", "{12F8628B-A1FA-4303-A48A-17F1EA3BD97F}"
EndProject
Project("{9A19103F-16F7-4668-BE54-9A1E7A4F7556}") = "ifm.IoTCore.Message", "source\ifm.IoTCore.Message\ifm.IoTCore.Message.csproj", "{0BB57484-ED32-491C-8D3B-5DCAD5AC22A7}"
EndProject
Project("{9A19103F-16F7-4668-BE54-9A1E7A4F7556}") = "ifm.IoTCore.DataStore.UnitTests", "tests\ifm.IoTCore.DataStore.UnitTests\ifm.IoTCore.DataStore.UnitTests.csproj", "{BA43BD10-5462-457C-964A-1425702B5F39}"
EndProject
Project("{9A19103F-16F7-4668-BE54-9A1E7A4F7556}") = "ifm.IoTCore.MessageConverter.Json.UnitTests", "tests\ifm.IoTCore.MessageConverter.Json.UnitTests\ifm.IoTCore.MessageConverter.Json.UnitTests.csproj", "{1923B8C6-115D-483E-95C7-D2D540A56E4F}"
EndProject
Project("{9A19103F-16F7-4668-BE54-9A1E7A4F7556}") = "ifm.IoTCore.Profile.DeviceInfo", "source\ifm.IoTCore.Profile.DeviceInfo\ifm.IoTCore.Profile.DeviceInfo.csproj", "{068204BF-29AC-405D-9EB4-BD86AEC90C51}"
EndProject
Project("{9A19103F-16F7-4668-BE54-9A1E7A4F7556}") = "ifm.IoTCore.NetAdapter.Favicon", "source\ifm.IoTCore.NetAdapter.Favicon\ifm.IoTCore.NetAdapter.Favicon.csproj", "{89F1A855-B8A2-4539-BAAB-88FADFEB691F}"
EndProject
Project("{9A19103F-16F7-4668-BE54-9A1E7A4F7556}") = "ifm.IoTCore.NetAdapter.Http.Contracts", "source\ifm.IoTCore.NetAdapter.Http.Contracts\ifm.IoTCore.NetAdapter.Http.Contracts.csproj", "{DDE2B7EB-AEA2-479C-B1DC-0E09BC4D85B3}"
EndProject
Project("{9A19103F-16F7-4668-BE54-9A1E7A4F7556}") = "ifm.IoTCore.NetAdapter.Http", "source\ifm.IoTCore.NetAdapter.Http\ifm.IoTCore.NetAdapter.Http.csproj", "{63B9F73D-107E-4454-AC84-D4AEBA0DAB28}"
EndProject
Project("{2150E333-8FDC-42A3-9474-1A3956D46DE8}") = "Samples", "Samples", "{E9188D93-F4F3-4A8C-932F-E133B2A6F1D7}"
EndProject
Project("{9A19103F-16F7-4668-BE54-9A1E7A4F7556}") = "Sample01", "samples\Sample01\Sample01.csproj", "{09B6C0F3-A96C-4AEF-B5C4-9FD8185DE4C0}"
EndProject
Project("{9A19103F-16F7-4668-BE54-9A1E7A4F7556}") = "Sample02", "samples\Sample02\Sample02.csproj", "{0592344B-BE0D-4492-A90E-B4F30D868AD3}"
EndProject
Project("{9A19103F-16F7-4668-BE54-9A1E7A4F7556}") = "Sample03", "samples\Sample03\Sample03.csproj", "{A81852E4-4562-412A-9825-701A379FEB5F}"
EndProject
Project("{9A19103F-16F7-4668-BE54-9A1E7A4F7556}") = "Sample04", "samples\Sample04\Sample04.csproj", "{5B9640E3-ED77-4128-9C88-8AD58D45320D}"
EndProject
Project("{9A19103F-16F7-4668-BE54-9A1E7A4F7556}") = "Sample05", "samples\Sample05\Sample05.csproj", "{D9A85FA0-06C3-40B6-98BE-85EDD93748C5}"
EndProject
Project("{9A19103F-16F7-4668-BE54-9A1E7A4F7556}") = "Sample06", "samples\Sample06\Sample06.csproj", "{BBC14F9C-04B3-40C0-83D1-6620CBD37200}"
EndProject
Project("{9A19103F-16F7-4668-BE54-9A1E7A4F7556}") = "Sample07", "samples\Sample07\Sample07.csproj", "{765852B4-7B10-4822-B647-F0D072A423DF}"
EndProject
Project("{9A19103F-16F7-4668-BE54-9A1E7A4F7556}") = "Sample08", "samples\Sample08\Sample08.csproj", "{DDF213E9-3139-4F50-8643-8556A8370218}"
EndProject
Project("{9A19103F-16F7-4668-BE54-9A1E7A4F7556}") = "Sample09", "samples\Sample09\Sample09.csproj", "{34C6B779-FEA1-45B4-973C-C6186ECA9146}"
EndProject
Project("{9A19103F-16F7-4668-BE54-9A1E7A4F7556}") = "Sample10", "samples\Sample10\Sample10.csproj", "{24EEDA8D-C02B-4E15-A17C-7C1E03C7D236}"
EndProject
Project("{9A19103F-16F7-4668-BE54-9A1E7A4F7556}") = "Sample11", "samples\Sample11\Sample11.csproj", "{F32BEF9C-3445-466D-B19C-88E178124244}"
EndProject
Project("{9A19103F-16F7-4668-BE54-9A1E7A4F7556}") = "Sample12", "samples\Sample12\Sample12.csproj", "{582B14D7-2CD2-41C6-BC8D-5E3E6193E607}"
EndProject
Project("{9A19103F-16F7-4668-BE54-9A1E7A4F7556}") = "Sample13", "samples\Sample13\Sample13.csproj", "{B19729FB-3C57-4DAA-86B3-D54E1474D471}"
EndProject
Project("{9A19103F-16F7-4668-BE54-9A1E7A4F7556}") = "Sample14", "samples\Sample14\Sample14.csproj", "{A7BA002E-4C9B-43B9-AAEF-FB04AC95F666}"
EndProject
Project("{9A19103F-16F7-4668-BE54-9A1E7A4F7556}") = "Sample15", "samples\Sample15\Sample15.csproj", "{05FB4C9F-0BC6-40C1-B2C7-1F8DA2DC09B2}"
EndProject
Project("{9A19103F-16F7-4668-BE54-9A1E7A4F7556}") = "Sample16", "samples\Sample16\Sample16.csproj", "{5C61CC9F-8354-44CC-99CC-6D5EF549BF56}"
EndProject
Project("{9A19103F-16F7-4668-BE54-9A1E7A4F7556}") = "Sample17", "samples\Sample17\Sample17.csproj", "{889EBE23-4F52-42DB-B594-95CA957E837D}"
EndProject
Project("{9A19103F-16F7-4668-BE54-9A1E7A4F7556}") = "Sample18", "samples\Sample18\Sample18.csproj", "{230F102D-5C1A-4CC2-8BC1-E38E7391102C}"
EndProject
Project("{9A19103F-16F7-4668-BE54-9A1E7A4F7556}") = "Sample19", "samples\Sample19\Sample19.csproj", "{DB684B01-B7D0-4F9B-88AE-ED2F7E336B9A}"
EndProject
Project("{9A19103F-16F7-4668-BE54-9A1E7A4F7556}") = "Sample20", "samples\Sample20\Sample20.csproj", "{211F54D2-D279-4FE8-B7AE-8CDE3174B6CE}"
EndProject
Global
	GlobalSection(SolutionConfigurationPlatforms) = preSolution
		Debug|Any CPU = Debug|Any CPU
		Release|Any CPU = Release|Any CPU
	EndGlobalSection
	GlobalSection(ProjectConfigurationPlatforms) = postSolution
		{62A223BF-CD38-4301-9F0D-191002FB17CE}.Debug|Any CPU.ActiveCfg = Debug|Any CPU
		{62A223BF-CD38-4301-9F0D-191002FB17CE}.Debug|Any CPU.Build.0 = Debug|Any CPU
		{62A223BF-CD38-4301-9F0D-191002FB17CE}.Release|Any CPU.ActiveCfg = Release|Any CPU
		{62A223BF-CD38-4301-9F0D-191002FB17CE}.Release|Any CPU.Build.0 = Release|Any CPU
		{B827ABF6-C754-46A4-AE4A-214F3415EC6D}.Debug|Any CPU.ActiveCfg = Debug|Any CPU
		{B827ABF6-C754-46A4-AE4A-214F3415EC6D}.Debug|Any CPU.Build.0 = Debug|Any CPU
		{B827ABF6-C754-46A4-AE4A-214F3415EC6D}.Release|Any CPU.ActiveCfg = Release|Any CPU
		{B827ABF6-C754-46A4-AE4A-214F3415EC6D}.Release|Any CPU.Build.0 = Release|Any CPU
		{1FC875CB-8189-4C33-98BF-C03CCFFA4CCD}.Debug|Any CPU.ActiveCfg = Debug|Any CPU
		{1FC875CB-8189-4C33-98BF-C03CCFFA4CCD}.Debug|Any CPU.Build.0 = Debug|Any CPU
		{1FC875CB-8189-4C33-98BF-C03CCFFA4CCD}.Release|Any CPU.ActiveCfg = Release|Any CPU
		{1FC875CB-8189-4C33-98BF-C03CCFFA4CCD}.Release|Any CPU.Build.0 = Release|Any CPU
		{8E351FEE-7236-4F5F-8189-5B5CA81748CB}.Debug|Any CPU.ActiveCfg = Debug|Any CPU
		{8E351FEE-7236-4F5F-8189-5B5CA81748CB}.Debug|Any CPU.Build.0 = Debug|Any CPU
		{8E351FEE-7236-4F5F-8189-5B5CA81748CB}.Release|Any CPU.ActiveCfg = Release|Any CPU
		{8E351FEE-7236-4F5F-8189-5B5CA81748CB}.Release|Any CPU.Build.0 = Release|Any CPU
		{BA24D610-AE63-4B22-B14E-FD7701930DFD}.Debug|Any CPU.ActiveCfg = Debug|Any CPU
		{BA24D610-AE63-4B22-B14E-FD7701930DFD}.Debug|Any CPU.Build.0 = Debug|Any CPU
		{BA24D610-AE63-4B22-B14E-FD7701930DFD}.Release|Any CPU.ActiveCfg = Release|Any CPU
		{BA24D610-AE63-4B22-B14E-FD7701930DFD}.Release|Any CPU.Build.0 = Release|Any CPU
		{ED365FA5-3DEC-47E1-B981-7201AB198390}.Debug|Any CPU.ActiveCfg = Debug|Any CPU
		{ED365FA5-3DEC-47E1-B981-7201AB198390}.Debug|Any CPU.Build.0 = Debug|Any CPU
		{ED365FA5-3DEC-47E1-B981-7201AB198390}.Release|Any CPU.ActiveCfg = Release|Any CPU
		{ED365FA5-3DEC-47E1-B981-7201AB198390}.Release|Any CPU.Build.0 = Release|Any CPU
		{A8EB51B2-8D7D-42EA-9996-DF4C6292AC84}.Debug|Any CPU.ActiveCfg = Debug|Any CPU
		{A8EB51B2-8D7D-42EA-9996-DF4C6292AC84}.Debug|Any CPU.Build.0 = Debug|Any CPU
		{A8EB51B2-8D7D-42EA-9996-DF4C6292AC84}.Release|Any CPU.ActiveCfg = Release|Any CPU
		{A8EB51B2-8D7D-42EA-9996-DF4C6292AC84}.Release|Any CPU.Build.0 = Release|Any CPU
		{450D8B95-7FB4-49DD-A38D-C9B24E4B2FE4}.Debug|Any CPU.ActiveCfg = Debug|Any CPU
		{450D8B95-7FB4-49DD-A38D-C9B24E4B2FE4}.Debug|Any CPU.Build.0 = Debug|Any CPU
		{450D8B95-7FB4-49DD-A38D-C9B24E4B2FE4}.Release|Any CPU.ActiveCfg = Release|Any CPU
		{450D8B95-7FB4-49DD-A38D-C9B24E4B2FE4}.Release|Any CPU.Build.0 = Release|Any CPU
		{1C7AFDC4-3FFF-41CC-BECC-0FE494A0AF8E}.Debug|Any CPU.ActiveCfg = Debug|Any CPU
		{1C7AFDC4-3FFF-41CC-BECC-0FE494A0AF8E}.Debug|Any CPU.Build.0 = Debug|Any CPU
		{1C7AFDC4-3FFF-41CC-BECC-0FE494A0AF8E}.Release|Any CPU.ActiveCfg = Release|Any CPU
		{1C7AFDC4-3FFF-41CC-BECC-0FE494A0AF8E}.Release|Any CPU.Build.0 = Release|Any CPU
		{ACDD9D80-368A-4D3C-9722-AD7EBB706113}.Debug|Any CPU.ActiveCfg = Debug|Any CPU
		{ACDD9D80-368A-4D3C-9722-AD7EBB706113}.Debug|Any CPU.Build.0 = Debug|Any CPU
		{ACDD9D80-368A-4D3C-9722-AD7EBB706113}.Release|Any CPU.ActiveCfg = Release|Any CPU
		{ACDD9D80-368A-4D3C-9722-AD7EBB706113}.Release|Any CPU.Build.0 = Release|Any CPU
		{3CF332DC-2979-4601-A826-0185B0838DF9}.Debug|Any CPU.ActiveCfg = Debug|Any CPU
		{3CF332DC-2979-4601-A826-0185B0838DF9}.Debug|Any CPU.Build.0 = Debug|Any CPU
		{3CF332DC-2979-4601-A826-0185B0838DF9}.Release|Any CPU.ActiveCfg = Release|Any CPU
		{3CF332DC-2979-4601-A826-0185B0838DF9}.Release|Any CPU.Build.0 = Release|Any CPU
		{059B133A-86B9-4EB5-A0D2-12FDB071E808}.Debug|Any CPU.ActiveCfg = Debug|Any CPU
		{059B133A-86B9-4EB5-A0D2-12FDB071E808}.Debug|Any CPU.Build.0 = Debug|Any CPU
		{059B133A-86B9-4EB5-A0D2-12FDB071E808}.Release|Any CPU.ActiveCfg = Release|Any CPU
		{059B133A-86B9-4EB5-A0D2-12FDB071E808}.Release|Any CPU.Build.0 = Release|Any CPU
		{05E11EB2-D615-4FD0-80B4-C5F032719C5B}.Debug|Any CPU.ActiveCfg = Debug|Any CPU
		{05E11EB2-D615-4FD0-80B4-C5F032719C5B}.Debug|Any CPU.Build.0 = Debug|Any CPU
		{05E11EB2-D615-4FD0-80B4-C5F032719C5B}.Release|Any CPU.ActiveCfg = Release|Any CPU
		{05E11EB2-D615-4FD0-80B4-C5F032719C5B}.Release|Any CPU.Build.0 = Release|Any CPU
		{AC14C4E2-586F-46EB-B5CB-814E873A02CA}.Debug|Any CPU.ActiveCfg = Debug|Any CPU
		{AC14C4E2-586F-46EB-B5CB-814E873A02CA}.Debug|Any CPU.Build.0 = Debug|Any CPU
		{AC14C4E2-586F-46EB-B5CB-814E873A02CA}.Release|Any CPU.ActiveCfg = Release|Any CPU
		{AC14C4E2-586F-46EB-B5CB-814E873A02CA}.Release|Any CPU.Build.0 = Release|Any CPU
		{14C59457-22DB-49FA-B575-7D3FBA3E4DA0}.Debug|Any CPU.ActiveCfg = Debug|Any CPU
		{14C59457-22DB-49FA-B575-7D3FBA3E4DA0}.Debug|Any CPU.Build.0 = Debug|Any CPU
		{14C59457-22DB-49FA-B575-7D3FBA3E4DA0}.Release|Any CPU.ActiveCfg = Release|Any CPU
		{14C59457-22DB-49FA-B575-7D3FBA3E4DA0}.Release|Any CPU.Build.0 = Release|Any CPU
		{45A1BE76-CE03-4E14-A01A-686714184947}.Debug|Any CPU.ActiveCfg = Debug|Any CPU
		{45A1BE76-CE03-4E14-A01A-686714184947}.Debug|Any CPU.Build.0 = Debug|Any CPU
		{45A1BE76-CE03-4E14-A01A-686714184947}.Release|Any CPU.ActiveCfg = Release|Any CPU
		{45A1BE76-CE03-4E14-A01A-686714184947}.Release|Any CPU.Build.0 = Release|Any CPU
		{DF625A6D-966F-4FC9-BE9F-9F39E3821157}.Debug|Any CPU.ActiveCfg = Debug|Any CPU
		{DF625A6D-966F-4FC9-BE9F-9F39E3821157}.Debug|Any CPU.Build.0 = Debug|Any CPU
		{DF625A6D-966F-4FC9-BE9F-9F39E3821157}.Release|Any CPU.ActiveCfg = Release|Any CPU
		{DF625A6D-966F-4FC9-BE9F-9F39E3821157}.Release|Any CPU.Build.0 = Release|Any CPU
		{1DD30787-BBDD-4C23-8AE9-2EFBB67A0735}.Debug|Any CPU.ActiveCfg = Debug|Any CPU
		{1DD30787-BBDD-4C23-8AE9-2EFBB67A0735}.Debug|Any CPU.Build.0 = Debug|Any CPU
		{1DD30787-BBDD-4C23-8AE9-2EFBB67A0735}.Release|Any CPU.ActiveCfg = Release|Any CPU
		{1DD30787-BBDD-4C23-8AE9-2EFBB67A0735}.Release|Any CPU.Build.0 = Release|Any CPU
		{679A5E37-2627-467B-BE8D-14B35A095D62}.Debug|Any CPU.ActiveCfg = Debug|Any CPU
		{679A5E37-2627-467B-BE8D-14B35A095D62}.Debug|Any CPU.Build.0 = Debug|Any CPU
		{679A5E37-2627-467B-BE8D-14B35A095D62}.Release|Any CPU.ActiveCfg = Release|Any CPU
		{679A5E37-2627-467B-BE8D-14B35A095D62}.Release|Any CPU.Build.0 = Release|Any CPU
		{A155E35A-78E9-4E54-8CEF-232B5D049CE8}.Debug|Any CPU.ActiveCfg = Debug|Any CPU
		{A155E35A-78E9-4E54-8CEF-232B5D049CE8}.Debug|Any CPU.Build.0 = Debug|Any CPU
		{A155E35A-78E9-4E54-8CEF-232B5D049CE8}.Release|Any CPU.ActiveCfg = Release|Any CPU
		{A155E35A-78E9-4E54-8CEF-232B5D049CE8}.Release|Any CPU.Build.0 = Release|Any CPU
		{2DD3C8CA-E988-4BF2-AB38-E0F6A428FEEE}.Debug|Any CPU.ActiveCfg = Debug|Any CPU
		{2DD3C8CA-E988-4BF2-AB38-E0F6A428FEEE}.Debug|Any CPU.Build.0 = Debug|Any CPU
		{2DD3C8CA-E988-4BF2-AB38-E0F6A428FEEE}.Release|Any CPU.ActiveCfg = Release|Any CPU
		{2DD3C8CA-E988-4BF2-AB38-E0F6A428FEEE}.Release|Any CPU.Build.0 = Release|Any CPU
		{587CB1CE-F3C4-49BE-98DE-BFBCD0BC161A}.Debug|Any CPU.ActiveCfg = Debug|Any CPU
		{587CB1CE-F3C4-49BE-98DE-BFBCD0BC161A}.Debug|Any CPU.Build.0 = Debug|Any CPU
		{587CB1CE-F3C4-49BE-98DE-BFBCD0BC161A}.Release|Any CPU.ActiveCfg = Release|Any CPU
		{587CB1CE-F3C4-49BE-98DE-BFBCD0BC161A}.Release|Any CPU.Build.0 = Release|Any CPU
		{12F8628B-A1FA-4303-A48A-17F1EA3BD97F}.Debug|Any CPU.ActiveCfg = Debug|Any CPU
		{12F8628B-A1FA-4303-A48A-17F1EA3BD97F}.Debug|Any CPU.Build.0 = Debug|Any CPU
		{12F8628B-A1FA-4303-A48A-17F1EA3BD97F}.Release|Any CPU.ActiveCfg = Release|Any CPU
		{12F8628B-A1FA-4303-A48A-17F1EA3BD97F}.Release|Any CPU.Build.0 = Release|Any CPU
		{0BB57484-ED32-491C-8D3B-5DCAD5AC22A7}.Debug|Any CPU.ActiveCfg = Debug|Any CPU
		{0BB57484-ED32-491C-8D3B-5DCAD5AC22A7}.Debug|Any CPU.Build.0 = Debug|Any CPU
		{0BB57484-ED32-491C-8D3B-5DCAD5AC22A7}.Release|Any CPU.ActiveCfg = Release|Any CPU
		{0BB57484-ED32-491C-8D3B-5DCAD5AC22A7}.Release|Any CPU.Build.0 = Release|Any CPU
		{BA43BD10-5462-457C-964A-1425702B5F39}.Debug|Any CPU.ActiveCfg = Debug|Any CPU
		{BA43BD10-5462-457C-964A-1425702B5F39}.Debug|Any CPU.Build.0 = Debug|Any CPU
		{BA43BD10-5462-457C-964A-1425702B5F39}.Release|Any CPU.ActiveCfg = Release|Any CPU
		{BA43BD10-5462-457C-964A-1425702B5F39}.Release|Any CPU.Build.0 = Release|Any CPU
		{1923B8C6-115D-483E-95C7-D2D540A56E4F}.Debug|Any CPU.ActiveCfg = Debug|Any CPU
		{1923B8C6-115D-483E-95C7-D2D540A56E4F}.Debug|Any CPU.Build.0 = Debug|Any CPU
		{1923B8C6-115D-483E-95C7-D2D540A56E4F}.Release|Any CPU.ActiveCfg = Release|Any CPU
		{1923B8C6-115D-483E-95C7-D2D540A56E4F}.Release|Any CPU.Build.0 = Release|Any CPU
		{068204BF-29AC-405D-9EB4-BD86AEC90C51}.Debug|Any CPU.ActiveCfg = Debug|Any CPU
		{068204BF-29AC-405D-9EB4-BD86AEC90C51}.Debug|Any CPU.Build.0 = Debug|Any CPU
		{068204BF-29AC-405D-9EB4-BD86AEC90C51}.Release|Any CPU.ActiveCfg = Release|Any CPU
		{068204BF-29AC-405D-9EB4-BD86AEC90C51}.Release|Any CPU.Build.0 = Release|Any CPU
		{89F1A855-B8A2-4539-BAAB-88FADFEB691F}.Debug|Any CPU.ActiveCfg = Debug|Any CPU
		{89F1A855-B8A2-4539-BAAB-88FADFEB691F}.Debug|Any CPU.Build.0 = Debug|Any CPU
		{89F1A855-B8A2-4539-BAAB-88FADFEB691F}.Release|Any CPU.ActiveCfg = Release|Any CPU
		{89F1A855-B8A2-4539-BAAB-88FADFEB691F}.Release|Any CPU.Build.0 = Release|Any CPU
		{DDE2B7EB-AEA2-479C-B1DC-0E09BC4D85B3}.Debug|Any CPU.ActiveCfg = Debug|Any CPU
		{DDE2B7EB-AEA2-479C-B1DC-0E09BC4D85B3}.Debug|Any CPU.Build.0 = Debug|Any CPU
		{DDE2B7EB-AEA2-479C-B1DC-0E09BC4D85B3}.Release|Any CPU.ActiveCfg = Release|Any CPU
		{DDE2B7EB-AEA2-479C-B1DC-0E09BC4D85B3}.Release|Any CPU.Build.0 = Release|Any CPU
		{63B9F73D-107E-4454-AC84-D4AEBA0DAB28}.Debug|Any CPU.ActiveCfg = Debug|Any CPU
		{63B9F73D-107E-4454-AC84-D4AEBA0DAB28}.Debug|Any CPU.Build.0 = Debug|Any CPU
		{63B9F73D-107E-4454-AC84-D4AEBA0DAB28}.Release|Any CPU.ActiveCfg = Release|Any CPU
		{63B9F73D-107E-4454-AC84-D4AEBA0DAB28}.Release|Any CPU.Build.0 = Release|Any CPU
		{09B6C0F3-A96C-4AEF-B5C4-9FD8185DE4C0}.Debug|Any CPU.ActiveCfg = Debug|Any CPU
		{09B6C0F3-A96C-4AEF-B5C4-9FD8185DE4C0}.Debug|Any CPU.Build.0 = Debug|Any CPU
		{09B6C0F3-A96C-4AEF-B5C4-9FD8185DE4C0}.Release|Any CPU.ActiveCfg = Release|Any CPU
		{09B6C0F3-A96C-4AEF-B5C4-9FD8185DE4C0}.Release|Any CPU.Build.0 = Release|Any CPU
		{0592344B-BE0D-4492-A90E-B4F30D868AD3}.Debug|Any CPU.ActiveCfg = Debug|Any CPU
		{0592344B-BE0D-4492-A90E-B4F30D868AD3}.Debug|Any CPU.Build.0 = Debug|Any CPU
		{0592344B-BE0D-4492-A90E-B4F30D868AD3}.Release|Any CPU.ActiveCfg = Release|Any CPU
		{0592344B-BE0D-4492-A90E-B4F30D868AD3}.Release|Any CPU.Build.0 = Release|Any CPU
		{A81852E4-4562-412A-9825-701A379FEB5F}.Debug|Any CPU.ActiveCfg = Debug|Any CPU
		{A81852E4-4562-412A-9825-701A379FEB5F}.Debug|Any CPU.Build.0 = Debug|Any CPU
		{A81852E4-4562-412A-9825-701A379FEB5F}.Release|Any CPU.ActiveCfg = Release|Any CPU
		{A81852E4-4562-412A-9825-701A379FEB5F}.Release|Any CPU.Build.0 = Release|Any CPU
		{5B9640E3-ED77-4128-9C88-8AD58D45320D}.Debug|Any CPU.ActiveCfg = Debug|Any CPU
		{5B9640E3-ED77-4128-9C88-8AD58D45320D}.Debug|Any CPU.Build.0 = Debug|Any CPU
		{5B9640E3-ED77-4128-9C88-8AD58D45320D}.Release|Any CPU.ActiveCfg = Release|Any CPU
		{5B9640E3-ED77-4128-9C88-8AD58D45320D}.Release|Any CPU.Build.0 = Release|Any CPU
		{D9A85FA0-06C3-40B6-98BE-85EDD93748C5}.Debug|Any CPU.ActiveCfg = Debug|Any CPU
		{D9A85FA0-06C3-40B6-98BE-85EDD93748C5}.Debug|Any CPU.Build.0 = Debug|Any CPU
		{D9A85FA0-06C3-40B6-98BE-85EDD93748C5}.Release|Any CPU.ActiveCfg = Release|Any CPU
		{D9A85FA0-06C3-40B6-98BE-85EDD93748C5}.Release|Any CPU.Build.0 = Release|Any CPU
		{BBC14F9C-04B3-40C0-83D1-6620CBD37200}.Debug|Any CPU.ActiveCfg = Debug|Any CPU
		{BBC14F9C-04B3-40C0-83D1-6620CBD37200}.Debug|Any CPU.Build.0 = Debug|Any CPU
		{BBC14F9C-04B3-40C0-83D1-6620CBD37200}.Release|Any CPU.ActiveCfg = Release|Any CPU
		{BBC14F9C-04B3-40C0-83D1-6620CBD37200}.Release|Any CPU.Build.0 = Release|Any CPU
		{765852B4-7B10-4822-B647-F0D072A423DF}.Debug|Any CPU.ActiveCfg = Debug|Any CPU
		{765852B4-7B10-4822-B647-F0D072A423DF}.Debug|Any CPU.Build.0 = Debug|Any CPU
		{765852B4-7B10-4822-B647-F0D072A423DF}.Release|Any CPU.ActiveCfg = Release|Any CPU
		{765852B4-7B10-4822-B647-F0D072A423DF}.Release|Any CPU.Build.0 = Release|Any CPU
		{DDF213E9-3139-4F50-8643-8556A8370218}.Debug|Any CPU.ActiveCfg = Debug|Any CPU
		{DDF213E9-3139-4F50-8643-8556A8370218}.Debug|Any CPU.Build.0 = Debug|Any CPU
		{DDF213E9-3139-4F50-8643-8556A8370218}.Release|Any CPU.ActiveCfg = Release|Any CPU
		{DDF213E9-3139-4F50-8643-8556A8370218}.Release|Any CPU.Build.0 = Release|Any CPU
		{34C6B779-FEA1-45B4-973C-C6186ECA9146}.Debug|Any CPU.ActiveCfg = Debug|Any CPU
		{34C6B779-FEA1-45B4-973C-C6186ECA9146}.Debug|Any CPU.Build.0 = Debug|Any CPU
		{34C6B779-FEA1-45B4-973C-C6186ECA9146}.Release|Any CPU.ActiveCfg = Release|Any CPU
		{34C6B779-FEA1-45B4-973C-C6186ECA9146}.Release|Any CPU.Build.0 = Release|Any CPU
		{24EEDA8D-C02B-4E15-A17C-7C1E03C7D236}.Debug|Any CPU.ActiveCfg = Debug|Any CPU
		{24EEDA8D-C02B-4E15-A17C-7C1E03C7D236}.Debug|Any CPU.Build.0 = Debug|Any CPU
		{24EEDA8D-C02B-4E15-A17C-7C1E03C7D236}.Release|Any CPU.ActiveCfg = Release|Any CPU
		{24EEDA8D-C02B-4E15-A17C-7C1E03C7D236}.Release|Any CPU.Build.0 = Release|Any CPU
		{F32BEF9C-3445-466D-B19C-88E178124244}.Debug|Any CPU.ActiveCfg = Debug|Any CPU
		{F32BEF9C-3445-466D-B19C-88E178124244}.Debug|Any CPU.Build.0 = Debug|Any CPU
		{F32BEF9C-3445-466D-B19C-88E178124244}.Release|Any CPU.ActiveCfg = Release|Any CPU
		{F32BEF9C-3445-466D-B19C-88E178124244}.Release|Any CPU.Build.0 = Release|Any CPU
		{582B14D7-2CD2-41C6-BC8D-5E3E6193E607}.Debug|Any CPU.ActiveCfg = Debug|Any CPU
		{582B14D7-2CD2-41C6-BC8D-5E3E6193E607}.Debug|Any CPU.Build.0 = Debug|Any CPU
		{582B14D7-2CD2-41C6-BC8D-5E3E6193E607}.Release|Any CPU.ActiveCfg = Release|Any CPU
		{582B14D7-2CD2-41C6-BC8D-5E3E6193E607}.Release|Any CPU.Build.0 = Release|Any CPU
		{B19729FB-3C57-4DAA-86B3-D54E1474D471}.Debug|Any CPU.ActiveCfg = Debug|Any CPU
		{B19729FB-3C57-4DAA-86B3-D54E1474D471}.Debug|Any CPU.Build.0 = Debug|Any CPU
		{B19729FB-3C57-4DAA-86B3-D54E1474D471}.Release|Any CPU.ActiveCfg = Release|Any CPU
		{B19729FB-3C57-4DAA-86B3-D54E1474D471}.Release|Any CPU.Build.0 = Release|Any CPU
		{A7BA002E-4C9B-43B9-AAEF-FB04AC95F666}.Debug|Any CPU.ActiveCfg = Debug|Any CPU
		{A7BA002E-4C9B-43B9-AAEF-FB04AC95F666}.Debug|Any CPU.Build.0 = Debug|Any CPU
		{A7BA002E-4C9B-43B9-AAEF-FB04AC95F666}.Release|Any CPU.ActiveCfg = Release|Any CPU
		{A7BA002E-4C9B-43B9-AAEF-FB04AC95F666}.Release|Any CPU.Build.0 = Release|Any CPU
		{05FB4C9F-0BC6-40C1-B2C7-1F8DA2DC09B2}.Debug|Any CPU.ActiveCfg = Debug|Any CPU
		{05FB4C9F-0BC6-40C1-B2C7-1F8DA2DC09B2}.Debug|Any CPU.Build.0 = Debug|Any CPU
		{05FB4C9F-0BC6-40C1-B2C7-1F8DA2DC09B2}.Release|Any CPU.ActiveCfg = Release|Any CPU
		{05FB4C9F-0BC6-40C1-B2C7-1F8DA2DC09B2}.Release|Any CPU.Build.0 = Release|Any CPU
		{5C61CC9F-8354-44CC-99CC-6D5EF549BF56}.Debug|Any CPU.ActiveCfg = Debug|Any CPU
		{5C61CC9F-8354-44CC-99CC-6D5EF549BF56}.Debug|Any CPU.Build.0 = Debug|Any CPU
		{5C61CC9F-8354-44CC-99CC-6D5EF549BF56}.Release|Any CPU.ActiveCfg = Release|Any CPU
		{5C61CC9F-8354-44CC-99CC-6D5EF549BF56}.Release|Any CPU.Build.0 = Release|Any CPU
		{889EBE23-4F52-42DB-B594-95CA957E837D}.Debug|Any CPU.ActiveCfg = Debug|Any CPU
		{889EBE23-4F52-42DB-B594-95CA957E837D}.Debug|Any CPU.Build.0 = Debug|Any CPU
		{889EBE23-4F52-42DB-B594-95CA957E837D}.Release|Any CPU.ActiveCfg = Release|Any CPU
		{889EBE23-4F52-42DB-B594-95CA957E837D}.Release|Any CPU.Build.0 = Release|Any CPU
		{230F102D-5C1A-4CC2-8BC1-E38E7391102C}.Debug|Any CPU.ActiveCfg = Debug|Any CPU
		{230F102D-5C1A-4CC2-8BC1-E38E7391102C}.Debug|Any CPU.Build.0 = Debug|Any CPU
		{230F102D-5C1A-4CC2-8BC1-E38E7391102C}.Release|Any CPU.ActiveCfg = Release|Any CPU
		{230F102D-5C1A-4CC2-8BC1-E38E7391102C}.Release|Any CPU.Build.0 = Release|Any CPU
		{DB684B01-B7D0-4F9B-88AE-ED2F7E336B9A}.Debug|Any CPU.ActiveCfg = Debug|Any CPU
		{DB684B01-B7D0-4F9B-88AE-ED2F7E336B9A}.Debug|Any CPU.Build.0 = Debug|Any CPU
		{DB684B01-B7D0-4F9B-88AE-ED2F7E336B9A}.Release|Any CPU.ActiveCfg = Release|Any CPU
		{DB684B01-B7D0-4F9B-88AE-ED2F7E336B9A}.Release|Any CPU.Build.0 = Release|Any CPU
		{211F54D2-D279-4FE8-B7AE-8CDE3174B6CE}.Debug|Any CPU.ActiveCfg = Debug|Any CPU
		{211F54D2-D279-4FE8-B7AE-8CDE3174B6CE}.Debug|Any CPU.Build.0 = Debug|Any CPU
		{211F54D2-D279-4FE8-B7AE-8CDE3174B6CE}.Release|Any CPU.ActiveCfg = Release|Any CPU
		{211F54D2-D279-4FE8-B7AE-8CDE3174B6CE}.Release|Any CPU.Build.0 = Release|Any CPU
	EndGlobalSection
	GlobalSection(SolutionProperties) = preSolution
		HideSolutionNode = FALSE
	EndGlobalSection
	GlobalSection(NestedProjects) = preSolution
		{A155E35A-78E9-4E54-8CEF-232B5D049CE8} = {2F5DE77D-0CF7-4280-B1FE-13C31941B665}
		{2DD3C8CA-E988-4BF2-AB38-E0F6A428FEEE} = {2F5DE77D-0CF7-4280-B1FE-13C31941B665}
		{BA43BD10-5462-457C-964A-1425702B5F39} = {2F5DE77D-0CF7-4280-B1FE-13C31941B665}
		{1923B8C6-115D-483E-95C7-D2D540A56E4F} = {2F5DE77D-0CF7-4280-B1FE-13C31941B665}
		{09B6C0F3-A96C-4AEF-B5C4-9FD8185DE4C0} = {E9188D93-F4F3-4A8C-932F-E133B2A6F1D7}
		{0592344B-BE0D-4492-A90E-B4F30D868AD3} = {E9188D93-F4F3-4A8C-932F-E133B2A6F1D7}
		{A81852E4-4562-412A-9825-701A379FEB5F} = {E9188D93-F4F3-4A8C-932F-E133B2A6F1D7}
		{5B9640E3-ED77-4128-9C88-8AD58D45320D} = {E9188D93-F4F3-4A8C-932F-E133B2A6F1D7}
		{D9A85FA0-06C3-40B6-98BE-85EDD93748C5} = {E9188D93-F4F3-4A8C-932F-E133B2A6F1D7}
		{BBC14F9C-04B3-40C0-83D1-6620CBD37200} = {E9188D93-F4F3-4A8C-932F-E133B2A6F1D7}
		{765852B4-7B10-4822-B647-F0D072A423DF} = {E9188D93-F4F3-4A8C-932F-E133B2A6F1D7}
		{DDF213E9-3139-4F50-8643-8556A8370218} = {E9188D93-F4F3-4A8C-932F-E133B2A6F1D7}
		{34C6B779-FEA1-45B4-973C-C6186ECA9146} = {E9188D93-F4F3-4A8C-932F-E133B2A6F1D7}
		{24EEDA8D-C02B-4E15-A17C-7C1E03C7D236} = {E9188D93-F4F3-4A8C-932F-E133B2A6F1D7}
		{F32BEF9C-3445-466D-B19C-88E178124244} = {E9188D93-F4F3-4A8C-932F-E133B2A6F1D7}
		{582B14D7-2CD2-41C6-BC8D-5E3E6193E607} = {E9188D93-F4F3-4A8C-932F-E133B2A6F1D7}
		{B19729FB-3C57-4DAA-86B3-D54E1474D471} = {E9188D93-F4F3-4A8C-932F-E133B2A6F1D7}
		{A7BA002E-4C9B-43B9-AAEF-FB04AC95F666} = {E9188D93-F4F3-4A8C-932F-E133B2A6F1D7}
		{05FB4C9F-0BC6-40C1-B2C7-1F8DA2DC09B2} = {E9188D93-F4F3-4A8C-932F-E133B2A6F1D7}
		{5C61CC9F-8354-44CC-99CC-6D5EF549BF56} = {E9188D93-F4F3-4A8C-932F-E133B2A6F1D7}
		{889EBE23-4F52-42DB-B594-95CA957E837D} = {E9188D93-F4F3-4A8C-932F-E133B2A6F1D7}
		{230F102D-5C1A-4CC2-8BC1-E38E7391102C} = {E9188D93-F4F3-4A8C-932F-E133B2A6F1D7}
		{DB684B01-B7D0-4F9B-88AE-ED2F7E336B9A} = {E9188D93-F4F3-4A8C-932F-E133B2A6F1D7}
		{211F54D2-D279-4FE8-B7AE-8CDE3174B6CE} = {E9188D93-F4F3-4A8C-932F-E133B2A6F1D7}
	EndGlobalSection
	GlobalSection(ExtensibilityGlobals) = postSolution
		SolutionGuid = {97B9A219-928E-4294-B8D3-4060C3351607}
	EndGlobalSection
EndGlobal
